<?xml version="1.0" encoding="utf-8"?>
<Project ToolsVersion="4.0" xmlns="http://schemas.microsoft.com/developer/msbuild/2003">
  <ItemGroup>
    <Filter Include="Source Files">
      <UniqueIdentifier>{7f1b05d3-e127-44fd-a003-a8406dbd6d7e}</UniqueIdentifier>
      <Extensions>cpp;c;cxx;rc;def;r;odl;idl;hpj;bat</Extensions>
    </Filter>
    <Filter Include="Header Files">
      <UniqueIdentifier>{f15e6b18-0a41-41de-8488-5282165524c9}</UniqueIdentifier>
      <Extensions>h;hpp;hxx;hm;inl</Extensions>
    </Filter>
    <Filter Include="Resource Files">
      <UniqueIdentifier>{cde3e975-5490-4040-aefb-f2781627e3ea}</UniqueIdentifier>
      <Extensions>ico;cur;bmp;dlg;rc2;rct;bin;rgs;gif;jpg;jpeg;jpe</Extensions>
    </Filter>
  </ItemGroup>
  <ItemGroup>
    <ClCompile Include="AutoPlanSetDlg.cpp">
      <Filter>Source Files</Filter>
    </ClCompile>
    <ClCompile Include="CtrlTab.cpp">
      <Filter>Source Files</Filter>
    </ClCompile>
    <ClCompile Include="HandControlDlg.cpp">
      <Filter>Source Files</Filter>
    </ClCompile>
    <ClCompile Include="InitHardware.cpp">
      <Filter>Source Files</Filter>
    </ClCompile>
    <ClCompile Include="LinerPlanSetDlg.cpp">
      <Filter>Source Files</Filter>
    </ClCompile>
    <ClCompile Include="MainFrm.cpp">
      <Filter>Source Files</Filter>
    </ClCompile>
    <ClCompile Include="PathPlanDlg.cpp">
      <Filter>Source Files</Filter>
    </ClCompile>
    <ClCompile Include="RobotControl.cpp">
      <Filter>Source Files</Filter>
    </ClCompile>
    <ClCompile Include="RobotControlDoc.cpp">
      <Filter>Source Files</Filter>
    </ClCompile>
    <ClCompile Include="RobotControlView.cpp">
      <Filter>Source Files</Filter>
    </ClCompile>
    <ClCompile Include="sidebar.cpp">
      <Filter>Source Files</Filter>
    </ClCompile>
    <ClCompile Include="StdAfx.cpp">
      <Filter>Source Files</Filter>
    </ClCompile>
    <ClCompile Include="DepthImgDlg.cpp">
      <Filter>Source Files</Filter>
    </ClCompile>
    <ClCompile Include="cvvimage.cpp">
      <Filter>Source Files</Filter>
    </ClCompile>
    <ClCompile Include="RobotControlMultiDoc.cpp">
      <Filter>Source Files</Filter>
    </ClCompile>
  </ItemGroup>
  <ItemGroup>
    <ResourceCompile Include="RobotControl.rc">
      <Filter>Source Files</Filter>
    </ResourceCompile>
  </ItemGroup>
  <ItemGroup>
    <ClInclude Include="AutoPlanSetDlg.h">
      <Filter>Header Files</Filter>
    </ClInclude>
    <ClInclude Include="CtrlTab.h">
      <Filter>Header Files</Filter>
    </ClInclude>
    <ClInclude Include="Datatype.h">
      <Filter>Header Files</Filter>
    </ClInclude>
    <ClInclude Include="Dynamic_spacerobot.h">
      <Filter>Header Files</Filter>
    </ClInclude>
    <ClInclude Include="HandControlDlg.h">
      <Filter>Header Files</Filter>
    </ClInclude>
    <ClInclude Include="InitHardware.h">
      <Filter>Header Files</Filter>
    </ClInclude>
    <ClInclude Include="LinerPlanSetDlg.h">
      <Filter>Header Files</Filter>
    </ClInclude>
    <ClInclude Include="m5apiw32.h">
      <Filter>Header Files</Filter>
    </ClInclude>
    <ClInclude Include="MainFrm.h">
      <Filter>Header Files</Filter>
    </ClInclude>
    <ClInclude Include="PathPlanDlg.h">
      <Filter>Header Files</Filter>
    </ClInclude>
    <ClInclude Include="Resource.h">
      <Filter>Header Files</Filter>
    </ClInclude>
    <ClInclude Include="RobotControl.h">
      <Filter>Header Files</Filter>
    </ClInclude>
    <ClInclude Include="RobotControlDoc.h">
      <Filter>Header Files</Filter>
    </ClInclude>
    <ClInclude Include="RobotControlView.h">
      <Filter>Header Files</Filter>
    </ClInclude>
    <ClInclude Include="sidebar.h">
      <Filter>Header Files</Filter>
    </ClInclude>
    <ClInclude Include="StdAfx.h">
      <Filter>Header Files</Filter>
    </ClInclude>
    <ClInclude Include="DepthImgDlg.h">
      <Filter>Header Files</Filter>
    </ClInclude>
    <ClInclude Include="cvvimage.h">
      <Filter>Header Files</Filter>
    </ClInclude>
    <ClInclude Include="RobotControlMultiDoc.h">
      <Filter>Header Files</Filter>
    </ClInclude>
  </ItemGroup>
  <ItemGroup>
    <Library Include="PComm32.lib">
      <Filter>Resource Files</Filter>
    </Library>
    <Library Include="Vci_w32.lib">
      <Filter>Resource Files</Filter>
    </Library>
    <Library Include="m5apiw32.lib">
      <Filter>Resource Files</Filter>
    </Library>
    <Library Include="Dynamic_spacerobot.lib">
      <Filter>Resource Files</Filter>
    </Library>
  </ItemGroup>
  <ItemGroup>
    <CustomBuild Include="res\RobotControl.ico">
      <Filter>Resource Files</Filter>
    </CustomBuild>
    <CustomBuild Include="res\RobotControl.rc2">
      <Filter>Resource Files</Filter>
    </CustomBuild>
    <CustomBuild Include="res\RobotControlDoc.ico">
      <Filter>Resource Files</Filter>
    </CustomBuild>
    <CustomBuild Include="res\Toolbar.bmp">
      <Filter>Resource Files</Filter>
    </CustomBuild>
    <CustomBuild Include="ReadMe.txt" />
  </ItemGroup>
</Project>